{
  "name": "ratelimiter",
  "version": "1.0.0",
  "lockfileVersion": 1,
  "requires": true,
  "dependencies": {
    "redis-client": {
      "version": "0.3.5",
      "resolved": "https://registry.npmjs.org/redis-client/-/redis-client-0.3.5.tgz",
      "integrity": "sha1-eHtVKRI5emD0biPO5Lu7yfaAbng="
    }
  }
}
